
Microsoft Visual Studio Solution File, Format Version 12.00
# Visual Studio Version 17
VisualStudioVersion = 17.10.35013.160
MinimumVisualStudioVersion = 10.0.40219.1
Project("{FAE04EC0-301F-11D3-BF4B-00C04F79EFBC}") = "Assignment1", "Assignment1\Assignment1.csproj", "{FE255BC3-4C15-4CC5-BA35-4EBEBD1DC5E9}"
EndProject
Global
	GlobalSection(SolutionConfigurationPlatforms) = preSolution
		Debug|Any CPU = Debug|Any CPU
		Release|Any CPU = Release|Any CPU
	EndGlobalSection
	GlobalSection(ProjectConfigurationPlatforms) = postSolution
		{FE255BC3-4C15-4CC5-BA35-4EBEBD1DC5E9}.Debug|Any CPU.ActiveCfg = Debug|Any CPU
		{FE255BC3-4C15-4CC5-BA35-4EBEBD1DC5E9}.Debug|Any CPU.Build.0 = Debug|Any CPU
		{FE255BC3-4C15-4CC5-BA35-4EBEBD1DC5E9}.Release|Any CPU.ActiveCfg = Release|Any CPU
		{FE255BC3-4C15-4CC5-BA35-4EBEBD1DC5E9}.Release|Any CPU.Build.0 = Release|Any CPU
	EndGlobalSection
	GlobalSection(SolutionProperties) = preSolution
		HideSolutionNode = FALSE
	EndGlobalSection
	GlobalSection(ExtensibilityGlobals) = postSolution
		SolutionGuid = {BD4D404A-EB77-4B2A-A8BA-CCEFC1155858}
	EndGlobalSection
EndGlobal
